
Microsoft Visual Studio Solution File, Format Version 12.00
# Visual Studio Version 16
VisualStudioVersion = 16.0.30011.22
MinimumVisualStudioVersion = 10.0.40219.1
Project("{FAE04EC0-301F-11D3-BF4B-00C04F79EFBC}") = "AspnetCore.Cypress", "src\AspnetCore.Cypress.csproj", "{D46C6297-4E28-41C3-93C0-CE13ED06E730}"
EndProject
Global
	GlobalSection(SolutionConfigurationPlatforms) = preSolution
		Debug|Any CPU = Debug|Any CPU
		Release|Any CPU = Release|Any CPU
	EndGlobalSection
	GlobalSection(ProjectConfigurationPlatforms) = postSolution
		{D46C6297-4E28-41C3-93C0-CE13ED06E730}.Debug|Any CPU.ActiveCfg = Debug|Any CPU
		{D46C6297-4E28-41C3-93C0-CE13ED06E730}.Debug|Any CPU.Build.0 = Debug|Any CPU
		{D46C6297-4E28-41C3-93C0-CE13ED06E730}.Release|Any CPU.ActiveCfg = Release|Any CPU
		{D46C6297-4E28-41C3-93C0-CE13ED06E730}.Release|Any CPU.Build.0 = Release|Any CPU
	EndGlobalSection
	GlobalSection(SolutionProperties) = preSolution
		HideSolutionNode = FALSE
	EndGlobalSection
	GlobalSection(ExtensibilityGlobals) = postSolution
		SolutionGuid = {2C6BD474-109A-4271-A872-B1B620B337A6}
	EndGlobalSection
EndGlobal
